
Microsoft Visual Studio Solution File, Format Version 12.00
# Visual Studio Version 16
VisualStudioVersion = 16.0.31402.337
MinimumVisualStudioVersion = 10.0.40219.1
Project("{8BC9CEB8-8B4A-11D0-8D11-00A0C91BC942}") = "jszfglxt", "jszfglxt.vcxproj", "{F711FBAD-34F8-46B9-A89C-19B93B68F3C8}"
EndProject
Global
	GlobalSection(SolutionConfigurationPlatforms) = preSolution
		Debug|x86 = Debug|x86
		Release|x86 = Release|x86
	EndGlobalSection
	GlobalSection(ProjectConfigurationPlatforms) = postSolution
		{F711FBAD-34F8-46B9-A89C-19B93B68F3C8}.Debug|x86.ActiveCfg = Debug|Win32
		{F711FBAD-34F8-46B9-A89C-19B93B68F3C8}.Debug|x86.Build.0 = Debug|Win32
		{F711FBAD-34F8-46B9-A89C-19B93B68F3C8}.Release|x86.ActiveCfg = Release|Win32
		{F711FBAD-34F8-46B9-A89C-19B93B68F3C8}.Release|x86.Build.0 = Release|Win32
	EndGlobalSection
	GlobalSection(SolutionProperties) = preSolution
		HideSolutionNode = FALSE
	EndGlobalSection
	GlobalSection(ExtensibilityGlobals) = postSolution
		SolutionGuid = {D4EB8155-8B19-415B-9D27-86699F6A2FE8}
	EndGlobalSection
EndGlobal
